
Microsoft Visual Studio Solution File, Format Version 12.00
# Visual Studio Version 17
VisualStudioVersion = 17.11.35219.272
MinimumVisualStudioVersion = 10.0.40219.1
Project("{FAE04EC0-301F-11D3-BF4B-00C04F79EFBC}") = "ExamenPromedio1", "ExamenPromedio1.csproj", "{094681CC-6EA2-464C-A5B1-90E3CAB24CD4}"
EndProject
Global
	GlobalSection(SolutionConfigurationPlatforms) = preSolution
		Debug|Any CPU = Debug|Any CPU
		Release|Any CPU = Release|Any CPU
	EndGlobalSection
	GlobalSection(ProjectConfigurationPlatforms) = postSolution
		{094681CC-6EA2-464C-A5B1-90E3CAB24CD4}.Debug|Any CPU.ActiveCfg = Debug|Any CPU
		{094681CC-6EA2-464C-A5B1-90E3CAB24CD4}.Debug|Any CPU.Build.0 = Debug|Any CPU
		{094681CC-6EA2-464C-A5B1-90E3CAB24CD4}.Release|Any CPU.ActiveCfg = Release|Any CPU
		{094681CC-6EA2-464C-A5B1-90E3CAB24CD4}.Release|Any CPU.Build.0 = Release|Any CPU
	EndGlobalSection
	GlobalSection(SolutionProperties) = preSolution
		HideSolutionNode = FALSE
	EndGlobalSection
	GlobalSection(ExtensibilityGlobals) = postSolution
		SolutionGuid = {F3894F85-D0C5-42E7-B0E5-72D9DCD7DBFC}
	EndGlobalSection
EndGlobal
